// !$*UTF8*$!
{
	archiveVersion = 1;
	classes = {
	};
	objectVersion = 46;
	objects = {

/* Begin PBXBuildFile section */
		4103719E1E341D5F006043D1 /* libsqlite3.tbd in Frameworks */ = {isa = PBXBuildFile; fileRef = 4103719D1E341D5F006043D1 /* libsqlite3.tbd */; };
		410371A21E341DB1006043D1 /* DBManager.m in Sources */ = {isa = PBXBuildFile; fileRef = 410371A11E341DB1006043D1 /* DBManager.m */; };
		410443691E34BE2600169586 /* database.sql in Resources */ = {isa = PBXBuildFile; fileRef = 410443681E34BE2600169586 /* database.sql */; };
		4104436E1E34D2B300169586 /* RSSItemsViewController.m in Sources */ = {isa = PBXBuildFile; fileRef = 4104436D1E34D2B300169586 /* RSSItemsViewController.m */; };
		41661CA01E356AED003FB711 /* MWFeedParser.m in Sources */ = {isa = PBXBuildFile; fileRef = 41661C9B1E356AED003FB711 /* MWFeedParser.m */; };
		41661CA11E356AED003FB711 /* MWFeedInfo.m in Sources */ = {isa = PBXBuildFile; fileRef = 41661C9D1E356AED003FB711 /* MWFeedInfo.m */; };
		41661CA21E356AED003FB711 /* MWFeedItem.m in Sources */ = {isa = PBXBuildFile; fileRef = 41661C9F1E356AED003FB711 /* MWFeedItem.m */; };
		41661CA81E356B0A003FB711 /* NSString+HTML.m in Sources */ = {isa = PBXBuildFile; fileRef = 41661CA51E356B0A003FB711 /* NSString+HTML.m */; };
		41661CA91E356B0A003FB711 /* NSDate+InternetDateTime.m in Sources */ = {isa = PBXBuildFile; fileRef = 41661CA71E356B0A003FB711 /* NSDate+InternetDateTime.m */; };
		41661CB01E356E10003FB711 /* GTMNSString+HTML.m in Sources */ = {isa = PBXBuildFile; fileRef = 41661CAF1E356E10003FB711 /* GTMNSString+HTML.m */; };
		41661CB41E356F5A003FB711 /* RefreshAndAddToDatabase.m in Sources */ = {isa = PBXBuildFile; fileRef = 41661CB31E356F5A003FB711 /* RefreshAndAddToDatabase.m */; };
		4168D6E01E3503E70067B646 /* AddChannelViewController.m in Sources */ = {isa = PBXBuildFile; fileRef = 4168D6DF1E3503E70067B646 /* AddChannelViewController.m */; };
		4168D6E41E35064E0067B646 /* ToastView.m in Sources */ = {isa = PBXBuildFile; fileRef = 4168D6E31E35064E0067B646 /* ToastView.m */; };
		419A191D1E35E3B800EE56E3 /* SystemConfiguration.framework in Frameworks */ = {isa = PBXBuildFile; fileRef = 419A191C1E35E3B800EE56E3 /* SystemConfiguration.framework */; };
		419A19201E35E4AE00EE56E3 /* Reachability.m in Sources */ = {isa = PBXBuildFile; fileRef = 419A191F1E35E4AE00EE56E3 /* Reachability.m */; };
		41F517381E20FAFB0049702E /* main.m in Sources */ = {isa = PBXBuildFile; fileRef = 41F517371E20FAFB0049702E /* main.m */; };
		41F5173B1E20FAFB0049702E /* AppDelegate.m in Sources */ = {isa = PBXBuildFile; fileRef = 41F5173A1E20FAFB0049702E /* AppDelegate.m */; };
		41F5173E1E20FAFB0049702E /* ViewController.m in Sources */ = {isa = PBXBuildFile; fileRef = 41F5173D1E20FAFB0049702E /* ViewController.m */; };
		41F517411E20FAFB0049702E /* Main.storyboard in Resources */ = {isa = PBXBuildFile; fileRef = 41F5173F1E20FAFB0049702E /* Main.storyboard */; };
		41F517431E20FAFB0049702E /* Assets.xcassets in Resources */ = {isa = PBXBuildFile; fileRef = 41F517421E20FAFB0049702E /* Assets.xcassets */; };
		41F517461E20FAFB0049702E /* LaunchScreen.storyboard in Resources */ = {isa = PBXBuildFile; fileRef = 41F517441E20FAFB0049702E /* LaunchScreen.storyboard */; };
		41F5174F1E20FB5C0049702E /* RSSChannels.m in Sources */ = {isa = PBXBuildFile; fileRef = 41F5174E1E20FB5C0049702E /* RSSChannels.m */; };
/* End PBXBuildFile section */

/* Begin PBXFileReference section */
		4103719D1E341D5F006043D1 /* libsqlite3.tbd */ = {isa = PBXFileReference; lastKnownFileType = "sourcecode.text-based-dylib-definition"; name = libsqlite3.tbd; path = usr/lib/libsqlite3.tbd; sourceTree = SDKROOT; };
		410371A01E341DB1006043D1 /* DBManager.h */ = {isa = PBXFileReference; fileEncoding = 4; lastKnownFileType = sourcecode.c.h; path = DBManager.h; sourceTree = "<group>"; };
		410371A11E341DB1006043D1 /* DBManager.m */ = {isa = PBXFileReference; fileEncoding = 4; lastKnownFileType = sourcecode.c.objc; path = DBManager.m; sourceTree = "<group>"; };
		410443681E34BE2600169586 /* database.sql */ = {isa = PBXFileReference; lastKnownFileType = file; name = database.sql; path = ../../../database.sql; sourceTree = "<group>"; };
		4104436C1E34D2B300169586 /* RSSItemsViewController.h */ = {isa = PBXFileReference; fileEncoding = 4; lastKnownFileType = sourcecode.c.h; path = RSSItemsViewController.h; sourceTree = "<group>"; };
		4104436D1E34D2B300169586 /* RSSItemsViewController.m */ = {isa = PBXFileReference; fileEncoding = 4; lastKnownFileType = sourcecode.c.objc; path = RSSItemsViewController.m; sourceTree = "<group>"; };
		41661C991E356AED003FB711 /* MWFeedParser.h */ = {isa = PBXFileReference; fileEncoding = 4; lastKnownFileType = sourcecode.c.h; path = MWFeedParser.h; sourceTree = "<group>"; };
		41661C9A1E356AED003FB711 /* MWFeedParser_Private.h */ = {isa = PBXFileReference; fileEncoding = 4; lastKnownFileType = sourcecode.c.h; path = MWFeedParser_Private.h; sourceTree = "<group>"; };
		41661C9B1E356AED003FB711 /* MWFeedParser.m */ = {isa = PBXFileReference; fileEncoding = 4; lastKnownFileType = sourcecode.c.objc; path = MWFeedParser.m; sourceTree = "<group>"; };
		41661C9C1E356AED003FB711 /* MWFeedInfo.h */ = {isa = PBXFileReference; fileEncoding = 4; lastKnownFileType = sourcecode.c.h; path = MWFeedInfo.h; sourceTree = "<group>"; };
		41661C9D1E356AED003FB711 /* MWFeedInfo.m */ = {isa = PBXFileReference; fileEncoding = 4; lastKnownFileType = sourcecode.c.objc; path = MWFeedInfo.m; sourceTree = "<group>"; };
		41661C9E1E356AED003FB711 /* MWFeedItem.h */ = {isa = PBXFileReference; fileEncoding = 4; lastKnownFileType = sourcecode.c.h; path = MWFeedItem.h; sourceTree = "<group>"; };
		41661C9F1E356AED003FB711 /* MWFeedItem.m */ = {isa = PBXFileReference; fileEncoding = 4; lastKnownFileType = sourcecode.c.objc; path = MWFeedItem.m; sourceTree = "<group>"; };
		41661CA41E356B0A003FB711 /* NSString+HTML.h */ = {isa = PBXFileReference; fileEncoding = 4; lastKnownFileType = sourcecode.c.h; path = "NSString+HTML.h"; sourceTree = "<group>"; };
		41661CA51E356B0A003FB711 /* NSString+HTML.m */ = {isa = PBXFileReference; fileEncoding = 4; lastKnownFileType = sourcecode.c.objc; path = "NSString+HTML.m"; sourceTree = "<group>"; };
		41661CA61E356B0A003FB711 /* NSDate+InternetDateTime.h */ = {isa = PBXFileReference; fileEncoding = 4; lastKnownFileType = sourcecode.c.h; path = "NSDate+InternetDateTime.h"; sourceTree = "<group>"; };
		41661CA71E356B0A003FB711 /* NSDate+InternetDateTime.m */ = {isa = PBXFileReference; fileEncoding = 4; lastKnownFileType = sourcecode.c.objc; path = "NSDate+InternetDateTime.m"; sourceTree = "<group>"; };
		41661CAE1E356E10003FB711 /* GTMNSString+HTML.h */ = {isa = PBXFileReference; fileEncoding = 4; lastKnownFileType = sourcecode.c.h; path = "GTMNSString+HTML.h"; sourceTree = "<group>"; };
		41661CAF1E356E10003FB711 /* GTMNSString+HTML.m */ = {isa = PBXFileReference; fileEncoding = 4; lastKnownFileType = sourcecode.c.objc; path = "GTMNSString+HTML.m"; sourceTree = "<group>"; };
		41661CB21E356F5A003FB711 /* RefreshAndAddToDatabase.h */ = {isa = PBXFileReference; fileEncoding = 4; lastKnownFileType = sourcecode.c.h; path = RefreshAndAddToDatabase.h; sourceTree = "<group>"; };
		41661CB31E356F5A003FB711 /* RefreshAndAddToDatabase.m */ = {isa = PBXFileReference; fileEncoding = 4; lastKnownFileType = sourcecode.c.objc; path = RefreshAndAddToDatabase.m; sourceTree = "<group>"; };
		4168D6DE1E3503E70067B646 /* AddChannelViewController.h */ = {isa = PBXFileReference; fileEncoding = 4; lastKnownFileType = sourcecode.c.h; path = AddChannelViewController.h; sourceTree = "<group>"; };
		4168D6DF1E3503E70067B646 /* AddChannelViewController.m */ = {isa = PBXFileReference; fileEncoding = 4; lastKnownFileType = sourcecode.c.objc; path = AddChannelViewController.m; sourceTree = "<group>"; };
		4168D6E21E35064E0067B646 /* ToastView.h */ = {isa = PBXFileReference; fileEncoding = 4; lastKnownFileType = sourcecode.c.h; path = ToastView.h; sourceTree = "<group>"; };
		4168D6E31E35064E0067B646 /* ToastView.m */ = {isa = PBXFileReference; fileEncoding = 4; lastKnownFileType = sourcecode.c.objc; path = ToastView.m; sourceTree = "<group>"; };
		419A191C1E35E3B800EE56E3 /* SystemConfiguration.framework */ = {isa = PBXFileReference; lastKnownFileType = wrapper.framework; name = SystemConfiguration.framework; path = System/Library/Frameworks/SystemConfiguration.framework; sourceTree = SDKROOT; };
		419A191E1E35E4AE00EE56E3 /* Reachability.h */ = {isa = PBXFileReference; fileEncoding = 4; lastKnownFileType = sourcecode.c.h; path = Reachability.h; sourceTree = "<group>"; };
		419A191F1E35E4AE00EE56E3 /* Reachability.m */ = {isa = PBXFileReference; fileEncoding = 4; lastKnownFileType = sourcecode.c.objc; path = Reachability.m; sourceTree = "<group>"; };
		419A19211E35E6A100EE56E3 /* CoreTelephony.framework */ = {isa = PBXFileReference; lastKnownFileType = wrapper.framework; name = CoreTelephony.framework; path = System/Library/Frameworks/CoreTelephony.framework; sourceTree = SDKROOT; };
		41F517331E20FAFB0049702E /* RSSiOS.app */ = {isa = PBXFileReference; explicitFileType = wrapper.application; includeInIndex = 0; path = RSSiOS.app; sourceTree = BUILT_PRODUCTS_DIR; };
		41F517371E20FAFB0049702E /* main.m */ = {isa = PBXFileReference; lastKnownFileType = sourcecode.c.objc; path = main.m; sourceTree = "<group>"; };
		41F517391E20FAFB0049702E /* AppDelegate.h */ = {isa = PBXFileReference; lastKnownFileType = sourcecode.c.h; path = AppDelegate.h; sourceTree = "<group>"; };
		41F5173A1E20FAFB0049702E /* AppDelegate.m */ = {isa = PBXFileReference; lastKnownFileType = sourcecode.c.objc; path = AppDelegate.m; sourceTree = "<group>"; };
		41F5173C1E20FAFB0049702E /* ViewController.h */ = {isa = PBXFileReference; lastKnownFileType = sourcecode.c.h; path = ViewController.h; sourceTree = "<group>"; };
		41F5173D1E20FAFB0049702E /* ViewController.m */ = {isa = PBXFileReference; lastKnownFileType = sourcecode.c.objc; path = ViewController.m; sourceTree = "<group>"; };
		41F517401E20FAFB0049702E /* Base */ = {isa = PBXFileReference; lastKnownFileType = file.storyboard; name = Base; path = Base.lproj/Main.storyboard; sourceTree = "<group>"; };
		41F517421E20FAFB0049702E /* Assets.xcassets */ = {isa = PBXFileReference; lastKnownFileType = folder.assetcatalog; path = Assets.xcassets; sourceTree = "<group>"; };
		41F517451E20FAFB0049702E /* Base */ = {isa = PBXFileReference; lastKnownFileType = file.storyboard; name = Base; path = Base.lproj/LaunchScreen.storyboard; sourceTree = "<group>"; };
		41F517471E20FAFB0049702E /* Info.plist */ = {isa = PBXFileReference; lastKnownFileType = text.plist.xml; path = Info.plist; sourceTree = "<group>"; };
		41F5174D1E20FB5C0049702E /* RSSChannels.h */ = {isa = PBXFileReference; fileEncoding = 4; lastKnownFileType = sourcecode.c.h; name = RSSChannels.h; path = ../RSSChannels.h; sourceTree = "<group>"; };
		41F5174E1E20FB5C0049702E /* RSSChannels.m */ = {isa = PBXFileReference; fileEncoding = 4; lastKnownFileType = sourcecode.c.objc; name = RSSChannels.m; path = ../RSSChannels.m; sourceTree = "<group>"; };
/* End PBXFileReference section */

/* Begin PBXFrameworksBuildPhase section */
		41F517301E20FAFB0049702E /* Frameworks */ = {
			isa = PBXFrameworksBuildPhase;
			buildActionMask = 2147483647;
			files = (
				419A191D1E35E3B800EE56E3 /* SystemConfiguration.framework in Frameworks */,
				4103719E1E341D5F006043D1 /* libsqlite3.tbd in Frameworks */,
			);
			runOnlyForDeploymentPostprocessing = 0;
		};
/* End PBXFrameworksBuildPhase section */

/* Begin PBXGroup section */
		4103719C1E341D5F006043D1 /* Frameworks */ = {
			isa = PBXGroup;
			children = (
				419A19211E35E6A100EE56E3 /* CoreTelephony.framework */,
				419A191C1E35E3B800EE56E3 /* SystemConfiguration.framework */,
				4103719D1E341D5F006043D1 /* libsqlite3.tbd */,
			);
			name = Frameworks;
			sourceTree = "<group>";
		};
		4103719F1E341D75006043D1 /* Database */ = {
			isa = PBXGroup;
			children = (
				410443681E34BE2600169586 /* database.sql */,
				410371A01E341DB1006043D1 /* DBManager.h */,
				410371A11E341DB1006043D1 /* DBManager.m */,
			);
			name = Database;
			sourceTree = "<group>";
		};
		41661C961E356A79003FB711 /* RSSParser */ = {
			isa = PBXGroup;
			children = (
				41661CA31E356AF7003FB711 /* Categories */,
				41661C981E356AD3003FB711 /* MWFeedParser */,
			);
			name = RSSParser;
			sourceTree = "<group>";
		};
		41661C981E356AD3003FB711 /* MWFeedParser */ = {
			isa = PBXGroup;
			children = (
				41661C991E356AED003FB711 /* MWFeedParser.h */,
				41661C9A1E356AED003FB711 /* MWFeedParser_Private.h */,
				41661C9B1E356AED003FB711 /* MWFeedParser.m */,
				41661C9C1E356AED003FB711 /* MWFeedInfo.h */,
				41661C9D1E356AED003FB711 /* MWFeedInfo.m */,
				41661C9E1E356AED003FB711 /* MWFeedItem.h */,
				41661C9F1E356AED003FB711 /* MWFeedItem.m */,
			);
			name = MWFeedParser;
			sourceTree = "<group>";
		};
		41661CA31E356AF7003FB711 /* Categories */ = {
			isa = PBXGroup;
			children = (
				41661CA41E356B0A003FB711 /* NSString+HTML.h */,
				41661CA51E356B0A003FB711 /* NSString+HTML.m */,
				41661CA61E356B0A003FB711 /* NSDate+InternetDateTime.h */,
				41661CA71E356B0A003FB711 /* NSDate+InternetDateTime.m */,
				41661CAE1E356E10003FB711 /* GTMNSString+HTML.h */,
				41661CAF1E356E10003FB711 /* GTMNSString+HTML.m */,
			);
			name = Categories;
			sourceTree = "<group>";
		};
		41661CB11E356F24003FB711 /* Logic */ = {
			isa = PBXGroup;
			children = (
				41661CB21E356F5A003FB711 /* RefreshAndAddToDatabase.h */,
				41661CB31E356F5A003FB711 /* RefreshAndAddToDatabase.m */,
				419A191E1E35E4AE00EE56E3 /* Reachability.h */,
				419A191F1E35E4AE00EE56E3 /* Reachability.m */,
			);
			name = Logic;
			sourceTree = "<group>";
		};
		4168D6E11E3506310067B646 /* ToastView */ = {
			isa = PBXGroup;
			children = (
				4168D6E21E35064E0067B646 /* ToastView.h */,
				4168D6E31E35064E0067B646 /* ToastView.m */,
			);
			name = ToastView;
			sourceTree = "<group>";
		};
		41F5172A1E20FAFB0049702E = {
			isa = PBXGroup;
			children = (
				41F517351E20FAFB0049702E /* RSSiOS */,
				41F517341E20FAFB0049702E /* Products */,
				4103719C1E341D5F006043D1 /* Frameworks */,
			);
			sourceTree = "<group>";
		};
		41F517341E20FAFB0049702E /* Products */ = {
			isa = PBXGroup;
			children = (
				41F517331E20FAFB0049702E /* RSSiOS.app */,
			);
			name = Products;
			sourceTree = "<group>";
		};
		41F517351E20FAFB0049702E /* RSSiOS */ = {
			isa = PBXGroup;
			children = (
				41661CB11E356F24003FB711 /* Logic */,
				41661C961E356A79003FB711 /* RSSParser */,
				4168D6E11E3506310067B646 /* ToastView */,
				4103719F1E341D75006043D1 /* Database */,
				41F517501E20FB690049702E /* Model */,
				41F517391E20FAFB0049702E /* AppDelegate.h */,
				41F5173A1E20FAFB0049702E /* AppDelegate.m */,
				4168D6DE1E3503E70067B646 /* AddChannelViewController.h */,
				4168D6DF1E3503E70067B646 /* AddChannelViewController.m */,
				4104436C1E34D2B300169586 /* RSSItemsViewController.h */,
				4104436D1E34D2B300169586 /* RSSItemsViewController.m */,
				41F5173C1E20FAFB0049702E /* ViewController.h */,
				41F5173D1E20FAFB0049702E /* ViewController.m */,
				41F5173F1E20FAFB0049702E /* Main.storyboard */,
				41F517421E20FAFB0049702E /* Assets.xcassets */,
				41F517441E20FAFB0049702E /* LaunchScreen.storyboard */,
				41F517471E20FAFB0049702E /* Info.plist */,
				41F517361E20FAFB0049702E /* Supporting Files */,
			);
			path = RSSiOS;
			sourceTree = "<group>";
		};
		41F517361E20FAFB0049702E /* Supporting Files */ = {
			isa = PBXGroup;
			children = (
				41F517371E20FAFB0049702E /* main.m */,
			);
			name = "Supporting Files";
			sourceTree = "<group>";
		};
		41F517501E20FB690049702E /* Model */ = {
			isa = PBXGroup;
			children = (
				41F5174E1E20FB5C0049702E /* RSSChannels.m */,
				41F5174D1E20FB5C0049702E /* RSSChannels.h */,
			);
			name = Model;
			sourceTree = "<group>";
		};
/* End PBXGroup section */

/* Begin PBXNativeTarget section */
		41F517321E20FAFB0049702E /* RSSiOS */ = {
			isa = PBXNativeTarget;
			buildConfigurationList = 41F5174A1E20FAFB0049702E /* Build configuration list for PBXNativeTarget "RSSiOS" */;
			buildPhases = (
				41F5172F1E20FAFB0049702E /* Sources */,
				41F517301E20FAFB0049702E /* Frameworks */,
				41F517311E20FAFB0049702E /* Resources */,
			);
			buildRules = (
			);
			dependencies = (
			);
			name = RSSiOS;
			productName = RSSiOS;
			productReference = 41F517331E20FAFB0049702E /* RSSiOS.app */;
			productType = "com.apple.product-type.application";
		};
/* End PBXNativeTarget section */

/* Begin PBXProject section */
		41F5172B1E20FAFB0049702E /* Project object */ = {
			isa = PBXProject;
			attributes = {
				LastUpgradeCheck = 0820;
				ORGANIZATIONNAME = Vav;
				TargetAttributes = {
					41F517321E20FAFB0049702E = {
						CreatedOnToolsVersion = 8.2.1;
						ProvisioningStyle = Automatic;
					};
				};
			};
			buildConfigurationList = 41F5172E1E20FAFB0049702E /* Build configuration list for PBXProject "RSSiOS" */;
			compatibilityVersion = "Xcode 3.2";
			developmentRegion = English;
			hasScannedForEncodings = 0;
			knownRegions = (
				en,
				Base,
			);
			mainGroup = 41F5172A1E20FAFB0049702E;
			productRefGroup = 41F517341E20FAFB0049702E /* Products */;
			projectDirPath = "";
			projectRoot = "";
			targets = (
				41F517321E20FAFB0049702E /* RSSiOS */,
			);
		};
/* End PBXProject section */

/* Begin PBXResourcesBuildPhase section */
		41F517311E20FAFB0049702E /* Resources */ = {
			isa = PBXResourcesBuildPhase;
			buildActionMask = 2147483647;
			files = (
				41F517461E20FAFB0049702E /* LaunchScreen.storyboard in Resources */,
				41F517431E20FAFB0049702E /* Assets.xcassets in Resources */,
				41F517411E20FAFB0049702E /* Main.storyboard in Resources */,
				410443691E34BE2600169586 /* database.sql in Resources */,
			);
			runOnlyForDeploymentPostprocessing = 0;
		};
/* End PBXResourcesBuildPhase section */

/* Begin PBXSourcesBuildPhase section */
		41F5172F1E20FAFB0049702E /* Sources */ = {
			isa = PBXSourcesBuildPhase;
			buildActionMask = 2147483647;
			files = (
				4104436E1E34D2B300169586 /* RSSItemsViewController.m in Sources */,
				41F5174F1E20FB5C0049702E /* RSSChannels.m in Sources */,
				41661CA01E356AED003FB711 /* MWFeedParser.m in Sources */,
				41F5173E1E20FAFB0049702E /* ViewController.m in Sources */,
				4168D6E01E3503E70067B646 /* AddChannelViewController.m in Sources */,
				41661CA21E356AED003FB711 /* MWFeedItem.m in Sources */,
				4168D6E41E35064E0067B646 /* ToastView.m in Sources */,
				41F5173B1E20FAFB0049702E /* AppDelegate.m in Sources */,
				41661CB41E356F5A003FB711 /* RefreshAndAddToDatabase.m in Sources */,
				41F517381E20FAFB0049702E /* main.m in Sources */,
				419A19201E35E4AE00EE56E3 /* Reachability.m in Sources */,
				410371A21E341DB1006043D1 /* DBManager.m in Sources */,
				41661CA81E356B0A003FB711 /* NSString+HTML.m in Sources */,
				41661CA11E356AED003FB711 /* MWFeedInfo.m in Sources */,
				41661CA91E356B0A003FB711 /* NSDate+InternetDateTime.m in Sources */,
				41661CB01E356E10003FB711 /* GTMNSString+HTML.m in Sources */,
			);
			runOnlyForDeploymentPostprocessing = 0;
		};
/* End PBXSourcesBuildPhase section */

/* Begin PBXVariantGroup section */
		41F5173F1E20FAFB0049702E /* Main.storyboard */ = {
			isa = PBXVariantGroup;
			children = (
				41F517401E20FAFB0049702E /* Base */,
			);
			name = Main.storyboard;
			sourceTree = "<group>";
		};
		41F517441E20FAFB0049702E /* LaunchScreen.storyboard */ = {
			isa = PBXVariantGroup;
			children = (
				41F517451E20FAFB0049702E /* Base */,
			);
			name = LaunchScreen.storyboard;
			sourceTree = "<group>";
		};
/* End PBXVariantGroup section */

/* Begin XCBuildConfiguration section */
		41F517481E20FAFB0049702E /* Debug */ = {
			isa = XCBuildConfiguration;
			buildSettings = {
				ALWAYS_SEARCH_USER_PATHS = NO;
				CLANG_ANALYZER_NONNULL = YES;
				CLANG_CXX_LANGUAGE_STANDARD = "gnu++0x";
				CLANG_CXX_LIBRARY = "libc++";
				CLANG_ENABLE_MODULES = YES;
				CLANG_ENABLE_OBJC_ARC = YES;
				CLANG_WARN_BOOL_CONVERSION = YES;
				CLANG_WARN_CONSTANT_CONVERSION = YES;
				CLANG_WARN_DIRECT_OBJC_ISA_USAGE = YES_ERROR;
				CLANG_WARN_DOCUMENTATION_COMMENTS = YES;
				CLANG_WARN_EMPTY_BODY = YES;
				CLANG_WARN_ENUM_CONVERSION = YES;
				CLANG_WARN_INFINITE_RECURSION = YES;
				CLANG_WARN_INT_CONVERSION = YES;
				CLANG_WARN_OBJC_ROOT_CLASS = YES_ERROR;
				CLANG_WARN_SUSPICIOUS_MOVE = YES;
				CLANG_WARN_UNREACHABLE_CODE = YES;
				CLANG_WARN__DUPLICATE_METHOD_MATCH = YES;
				"CODE_SIGN_IDENTITY[sdk=iphoneos*]" = "iPhone Developer";
				COPY_PHASE_STRIP = NO;
				DEBUG_INFORMATION_FORMAT = dwarf;
				ENABLE_STRICT_OBJC_MSGSEND = YES;
				ENABLE_TESTABILITY = YES;
				GCC_C_LANGUAGE_STANDARD = gnu99;
				GCC_DYNAMIC_NO_PIC = NO;
				GCC_NO_COMMON_BLOCKS = YES;
				GCC_OPTIMIZATION_LEVEL = 0;
				GCC_PREPROCESSOR_DEFINITIONS = (
					"DEBUG=1",
					"$(inherited)",
				);
				GCC_WARN_64_TO_32_BIT_CONVERSION = YES;
				GCC_WARN_ABOUT_RETURN_TYPE = YES_ERROR;
				GCC_WARN_UNDECLARED_SELECTOR = YES;
				GCC_WARN_UNINITIALIZED_AUTOS = YES_AGGRESSIVE;
				GCC_WARN_UNUSED_FUNCTION = YES;
				GCC_WARN_UNUSED_VARIABLE = YES;
				IPHONEOS_DEPLOYMENT_TARGET = 10.2;
				MTL_ENABLE_DEBUG_INFO = YES;
				ONLY_ACTIVE_ARCH = YES;
				SDKROOT = iphoneos;
			};
			name = Debug;
		};
		41F517491E20FAFB0049702E /* Release */ = {
			isa = XCBuildConfiguration;
			buildSettings = {
				ALWAYS_SEARCH_USER_PATHS = NO;
				CLANG_ANALYZER_NONNULL = YES;
				CLANG_CXX_LANGUAGE_STANDARD = "gnu++0x";
				CLANG_CXX_LIBRARY = "libc++";
				CLANG_ENABLE_MODULES = YES;
				CLANG_ENABLE_OBJC_ARC = YES;
				CLANG_WARN_BOOL_CONVERSION = YES;
				CLANG_WARN_CONSTANT_CONVERSION = YES;
				CLANG_WARN_DIRECT_OBJC_ISA_USAGE = YES_ERROR;
				CLANG_WARN_DOCUMENTATION_COMMENTS = YES;
				CLANG_WARN_EMPTY_BODY = YES;
				CLANG_WARN_ENUM_CONVERSION = YES;
				CLANG_WARN_INFINITE_RECURSION = YES;
				CLANG_WARN_INT_CONVERSION = YES;
				CLANG_WARN_OBJC_ROOT_CLASS = YES_ERROR;
				CLANG_WARN_SUSPICIOUS_MOVE = YES;
				CLANG_WARN_UNREACHABLE_CODE = YES;
				CLANG_WARN__DUPLICATE_METHOD_MATCH = YES;
				"CODE_SIGN_IDENTITY[sdk=iphoneos*]" = "iPhone Developer";
				COPY_PHASE_STRIP = NO;
				DEBUG_INFORMATION_FORMAT = "dwarf-with-dsym";
				ENABLE_NS_ASSERTIONS = NO;
				ENABLE_STRICT_OBJC_MSGSEND = YES;
				GCC_C_LANGUAGE_STANDARD = gnu99;
				GCC_NO_COMMON_BLOCKS = YES;
				GCC_WARN_64_TO_32_BIT_CONVERSION = YES;
				GCC_WARN_ABOUT_RETURN_TYPE = YES_ERROR;
				GCC_WARN_UNDECLARED_SELECTOR = YES;
				GCC_WARN_UNINITIALIZED_AUTOS = YES_AGGRESSIVE;
				GCC_WARN_UNUSED_FUNCTION = YES;
				GCC_WARN_UNUSED_VARIABLE = YES;
				IPHONEOS_DEPLOYMENT_TARGET = 10.2;
				MTL_ENABLE_DEBUG_INFO = NO;
				SDKROOT = iphoneos;
				VALIDATE_PRODUCT = YES;
			};
			name = Release;
		};
		41F5174B1E20FAFB0049702E /* Debug */ = {
			isa = XCBuildConfiguration;
			buildSettings = {
				ASSETCATALOG_COMPILER_APPICON_NAME = AppIcon;
				INFOPLIST_FILE = RSSiOS/Info.plist;
				LD_RUNPATH_SEARCH_PATHS = "$(inherited) @executable_path/Frameworks";
				PRODUCT_BUNDLE_IDENTIFIER = Vaviorky.RSSiOS;
				PRODUCT_NAME = "$(TARGET_NAME)";
			};
			name = Debug;
		};
		41F5174C1E20FAFB0049702E /* Release */ = {
			isa = XCBuildConfiguration;
			buildSettings = {
				ASSETCATALOG_COMPILER_APPICON_NAME = AppIcon;
				INFOPLIST_FILE = RSSiOS/Info.plist;
				LD_RUNPATH_SEARCH_PATHS = "$(inherited) @executable_path/Frameworks";
				PRODUCT_BUNDLE_IDENTIFIER = Vaviorky.RSSiOS;
				PRODUCT_NAME = "$(TARGET_NAME)";
			};
			name = Release;
		};
/* End XCBuildConfiguration section */

/* Begin XCConfigurationList section */
		41F5172E1E20FAFB0049702E /* Build configuration list for PBXProject "RSSiOS" */ = {
			isa = XCConfigurationList;
			buildConfigurations = (
				41F517481E20FAFB0049702E /* Debug */,
				41F517491E20FAFB0049702E /* Release */,
			);
			defaultConfigurationIsVisible = 0;
			defaultConfigurationName = Release;
		};
		41F5174A1E20FAFB0049702E /* Build configuration list for PBXNativeTarget "RSSiOS" */ = {
			isa = XCConfigurationList;
			buildConfigurations = (
				41F5174B1E20FAFB0049702E /* Debug */,
				41F5174C1E20FAFB0049702E /* Release */,
			);
			defaultConfigurationIsVisible = 0;
			defaultConfigurationName = Release;
		};
/* End XCConfigurationList section */
	};
	rootObject = 41F5172B1E20FAFB0049702E /* Project object */;
}
